
Microsoft Visual Studio Solution File, Format Version 12.00
# Visual Studio Version 17
VisualStudioVersion = 17.11.35312.102
MinimumVisualStudioVersion = 10.0.40219.1
Project("{FAE04EC0-301F-11D3-BF4B-00C04F79EFBC}") = "01_MainSubjects", "01_MainSubjects\01_MainSubjects.csproj", "{03AC6B6C-189E-4B8E-B40C-0CB1593D5682}"
EndProject
Project("{FAE04EC0-301F-11D3-BF4B-00C04F79EFBC}") = "02_Variables", "02_Variables\02_Variables.csproj", "{BBADB4AE-48D8-4A7E-AC5B-598232D662BB}"
EndProject
Global
	GlobalSection(SolutionConfigurationPlatforms) = preSolution
		Debug|Any CPU = Debug|Any CPU
		Release|Any CPU = Release|Any CPU
	EndGlobalSection
	GlobalSection(ProjectConfigurationPlatforms) = postSolution
		{03AC6B6C-189E-4B8E-B40C-0CB1593D5682}.Debug|Any CPU.ActiveCfg = Debug|Any CPU
		{03AC6B6C-189E-4B8E-B40C-0CB1593D5682}.Debug|Any CPU.Build.0 = Debug|Any CPU
		{03AC6B6C-189E-4B8E-B40C-0CB1593D5682}.Release|Any CPU.ActiveCfg = Release|Any CPU
		{03AC6B6C-189E-4B8E-B40C-0CB1593D5682}.Release|Any CPU.Build.0 = Release|Any CPU
		{BBADB4AE-48D8-4A7E-AC5B-598232D662BB}.Debug|Any CPU.ActiveCfg = Debug|Any CPU
		{BBADB4AE-48D8-4A7E-AC5B-598232D662BB}.Debug|Any CPU.Build.0 = Debug|Any CPU
		{BBADB4AE-48D8-4A7E-AC5B-598232D662BB}.Release|Any CPU.ActiveCfg = Release|Any CPU
		{BBADB4AE-48D8-4A7E-AC5B-598232D662BB}.Release|Any CPU.Build.0 = Release|Any CPU
	EndGlobalSection
	GlobalSection(SolutionProperties) = preSolution
		HideSolutionNode = FALSE
	EndGlobalSection
	GlobalSection(ExtensibilityGlobals) = postSolution
		SolutionGuid = {14536959-38D6-4E6B-ACE1-5B3A4451423F}
	EndGlobalSection
EndGlobal
