
Microsoft Visual Studio Solution File, Format Version 12.00
# Visual Studio Version 17
VisualStudioVersion = 17.11.35312.102
MinimumVisualStudioVersion = 10.0.40219.1
Project("{FAE04EC0-301F-11D3-BF4B-00C04F79EFBC}") = "01_MainSubjects", "01_MainSubjects\01_MainSubjects.csproj", "{03AC6B6C-189E-4B8E-B40C-0CB1593D5682}"
EndProject
Project("{FAE04EC0-301F-11D3-BF4B-00C04F79EFBC}") = "02_Variables", "02_Variables\02_Variables.csproj", "{BBADB4AE-48D8-4A7E-AC5B-598232D662BB}"
EndProject
Project("{FAE04EC0-301F-11D3-BF4B-00C04F79EFBC}") = "03_MakingDecision", "03_MakingDecision\03_MakingDecision.csproj", "{AA1EAC06-B8A4-4ABA-B3EC-C7DCAE75CA4A}"
EndProject
Project("{FAE04EC0-301F-11D3-BF4B-00C04F79EFBC}") = "04_Loops", "04_Loops\04_Loops.csproj", "{18F1F40C-62BF-493E-BCCC-A5D4FB8D5614}"
EndProject
Project("{FAE04EC0-301F-11D3-BF4B-00C04F79EFBC}") = "05_LoopsWithStars", "05_LoopsWithStars\05_LoopsWithStars.csproj", "{A24E8F46-B440-4975-915B-8B4E8552A733}"
EndProject
Project("{FAE04EC0-301F-11D3-BF4B-00C04F79EFBC}") = "06_Arrays", "06_Arrays\06_Arrays.csproj", "{7E1FB282-5CEC-4C29-9B9B-6A743950E9A9}"
EndProject
Project("{FAE04EC0-301F-11D3-BF4B-00C04F79EFBC}") = "07_ForeachLoop", "07_ForeachLoop\07_ForeachLoop.csproj", "{20DAAE7F-D13A-4C3E-B784-8C956528F5E1}"
EndProject
Project("{FAE04EC0-301F-11D3-BF4B-00C04F79EFBC}") = "08_Methods", "08_Methods\08_Methods.csproj", "{4BFAE6DC-1900-41F7-84E9-DAA90855EFBC}"
EndProject
Project("{FAE04EC0-301F-11D3-BF4B-00C04F79EFBC}") = "09_DatabaseProject", "09_DatabaseProject\09_DatabaseProject.csproj", "{090FFAA2-174F-4D34-837F-FD96ABFD8BA0}"
EndProject
Global
	GlobalSection(SolutionConfigurationPlatforms) = preSolution
		Debug|Any CPU = Debug|Any CPU
		Release|Any CPU = Release|Any CPU
	EndGlobalSection
	GlobalSection(ProjectConfigurationPlatforms) = postSolution
		{03AC6B6C-189E-4B8E-B40C-0CB1593D5682}.Debug|Any CPU.ActiveCfg = Debug|Any CPU
		{03AC6B6C-189E-4B8E-B40C-0CB1593D5682}.Debug|Any CPU.Build.0 = Debug|Any CPU
		{03AC6B6C-189E-4B8E-B40C-0CB1593D5682}.Release|Any CPU.ActiveCfg = Release|Any CPU
		{03AC6B6C-189E-4B8E-B40C-0CB1593D5682}.Release|Any CPU.Build.0 = Release|Any CPU
		{BBADB4AE-48D8-4A7E-AC5B-598232D662BB}.Debug|Any CPU.ActiveCfg = Debug|Any CPU
		{BBADB4AE-48D8-4A7E-AC5B-598232D662BB}.Debug|Any CPU.Build.0 = Debug|Any CPU
		{BBADB4AE-48D8-4A7E-AC5B-598232D662BB}.Release|Any CPU.ActiveCfg = Release|Any CPU
		{BBADB4AE-48D8-4A7E-AC5B-598232D662BB}.Release|Any CPU.Build.0 = Release|Any CPU
		{AA1EAC06-B8A4-4ABA-B3EC-C7DCAE75CA4A}.Debug|Any CPU.ActiveCfg = Debug|Any CPU
		{AA1EAC06-B8A4-4ABA-B3EC-C7DCAE75CA4A}.Debug|Any CPU.Build.0 = Debug|Any CPU
		{AA1EAC06-B8A4-4ABA-B3EC-C7DCAE75CA4A}.Release|Any CPU.ActiveCfg = Release|Any CPU
		{AA1EAC06-B8A4-4ABA-B3EC-C7DCAE75CA4A}.Release|Any CPU.Build.0 = Release|Any CPU
		{18F1F40C-62BF-493E-BCCC-A5D4FB8D5614}.Debug|Any CPU.ActiveCfg = Debug|Any CPU
		{18F1F40C-62BF-493E-BCCC-A5D4FB8D5614}.Debug|Any CPU.Build.0 = Debug|Any CPU
		{18F1F40C-62BF-493E-BCCC-A5D4FB8D5614}.Release|Any CPU.ActiveCfg = Release|Any CPU
		{18F1F40C-62BF-493E-BCCC-A5D4FB8D5614}.Release|Any CPU.Build.0 = Release|Any CPU
		{A24E8F46-B440-4975-915B-8B4E8552A733}.Debug|Any CPU.ActiveCfg = Debug|Any CPU
		{A24E8F46-B440-4975-915B-8B4E8552A733}.Debug|Any CPU.Build.0 = Debug|Any CPU
		{A24E8F46-B440-4975-915B-8B4E8552A733}.Release|Any CPU.ActiveCfg = Release|Any CPU
		{A24E8F46-B440-4975-915B-8B4E8552A733}.Release|Any CPU.Build.0 = Release|Any CPU
		{7E1FB282-5CEC-4C29-9B9B-6A743950E9A9}.Debug|Any CPU.ActiveCfg = Debug|Any CPU
		{7E1FB282-5CEC-4C29-9B9B-6A743950E9A9}.Debug|Any CPU.Build.0 = Debug|Any CPU
		{7E1FB282-5CEC-4C29-9B9B-6A743950E9A9}.Release|Any CPU.ActiveCfg = Release|Any CPU
		{7E1FB282-5CEC-4C29-9B9B-6A743950E9A9}.Release|Any CPU.Build.0 = Release|Any CPU
		{20DAAE7F-D13A-4C3E-B784-8C956528F5E1}.Debug|Any CPU.ActiveCfg = Debug|Any CPU
		{20DAAE7F-D13A-4C3E-B784-8C956528F5E1}.Debug|Any CPU.Build.0 = Debug|Any CPU
		{20DAAE7F-D13A-4C3E-B784-8C956528F5E1}.Release|Any CPU.ActiveCfg = Release|Any CPU
		{20DAAE7F-D13A-4C3E-B784-8C956528F5E1}.Release|Any CPU.Build.0 = Release|Any CPU
		{4BFAE6DC-1900-41F7-84E9-DAA90855EFBC}.Debug|Any CPU.ActiveCfg = Debug|Any CPU
		{4BFAE6DC-1900-41F7-84E9-DAA90855EFBC}.Debug|Any CPU.Build.0 = Debug|Any CPU
		{4BFAE6DC-1900-41F7-84E9-DAA90855EFBC}.Release|Any CPU.ActiveCfg = Release|Any CPU
		{4BFAE6DC-1900-41F7-84E9-DAA90855EFBC}.Release|Any CPU.Build.0 = Release|Any CPU
		{090FFAA2-174F-4D34-837F-FD96ABFD8BA0}.Debug|Any CPU.ActiveCfg = Debug|Any CPU
		{090FFAA2-174F-4D34-837F-FD96ABFD8BA0}.Debug|Any CPU.Build.0 = Debug|Any CPU
		{090FFAA2-174F-4D34-837F-FD96ABFD8BA0}.Release|Any CPU.ActiveCfg = Release|Any CPU
		{090FFAA2-174F-4D34-837F-FD96ABFD8BA0}.Release|Any CPU.Build.0 = Release|Any CPU
	EndGlobalSection
	GlobalSection(SolutionProperties) = preSolution
		HideSolutionNode = FALSE
	EndGlobalSection
	GlobalSection(ExtensibilityGlobals) = postSolution
		SolutionGuid = {14536959-38D6-4E6B-ACE1-5B3A4451423F}
	EndGlobalSection
EndGlobal
